// !$*UTF8*$!
{
	archiveVersion = 1;
	classes = {
	};
	objectVersion = 48;
	objects = {

/* Begin PBXBuildFile section */
		0913DE891FD0161500050047 /* MainViewController.m in Sources */ = {isa = PBXBuildFile; fileRef = 0913DE851FD0161500050047 /* MainViewController.m */; };
		0913DE8A1FD0161500050047 /* SearchViewController.m in Sources */ = {isa = PBXBuildFile; fileRef = 0913DE871FD0161500050047 /* SearchViewController.m */; };
		09B6FF891FD03B1C0040534B /* Default-568h@2x.png in Resources */ = {isa = PBXBuildFile; fileRef = 09B6FF881FD03B1C0040534B /* Default-568h@2x.png */; };
		09B6FF8B1FD03BD50040534B /* Info.plist in Resources */ = {isa = PBXBuildFile; fileRef = 09B6FF8A1FD03BD50040534B /* Info.plist */; };
		09B6FF8D1FD03D0B0040534B /* Main.storyboard in Resources */ = {isa = PBXBuildFile; fileRef = 09B6FF8C1FD03D0B0040534B /* Main.storyboard */; };
		09C424F91FCC34AC004DE04C /* AppDelegate.m in Sources */ = {isa = PBXBuildFile; fileRef = 09C424F81FCC34AC004DE04C /* AppDelegate.m */; };
		09C425021FCC34AC004DE04C /* CrocoMini.xcdatamodeld in Sources */ = {isa = PBXBuildFile; fileRef = 09C425001FCC34AC004DE04C /* CrocoMini.xcdatamodeld */; };
		09C425041FCC34AC004DE04C /* Assets.xcassets in Resources */ = {isa = PBXBuildFile; fileRef = 09C425031FCC34AC004DE04C /* Assets.xcassets */; };
		09C4250A1FCC34AC004DE04C /* main.m in Sources */ = {isa = PBXBuildFile; fileRef = 09C425091FCC34AC004DE04C /* main.m */; };
		09C425141FCC34AC004DE04C /* CrocoMiniTests.m in Sources */ = {isa = PBXBuildFile; fileRef = 09C425131FCC34AC004DE04C /* CrocoMiniTests.m */; };
/* End PBXBuildFile section */

/* Begin PBXContainerItemProxy section */
		09C425101FCC34AC004DE04C /* PBXContainerItemProxy */ = {
			isa = PBXContainerItemProxy;
			containerPortal = 09C424EC1FCC34AC004DE04C /* Project object */;
			proxyType = 1;
			remoteGlobalIDString = 09C424F31FCC34AC004DE04C;
			remoteInfo = CrocoMini;
		};
/* End PBXContainerItemProxy section */

/* Begin PBXFileReference section */
		0913DE841FD0161500050047 /* MainViewController.h */ = {isa = PBXFileReference; fileEncoding = 4; lastKnownFileType = sourcecode.c.h; name = MainViewController.h; path = CrocoMini/MainViewController.h; sourceTree = SOURCE_ROOT; };
		0913DE851FD0161500050047 /* MainViewController.m */ = {isa = PBXFileReference; fileEncoding = 4; lastKnownFileType = sourcecode.c.objc; name = MainViewController.m; path = CrocoMini/MainViewController.m; sourceTree = SOURCE_ROOT; };
		0913DE861FD0161500050047 /* SearchViewController.h */ = {isa = PBXFileReference; fileEncoding = 4; lastKnownFileType = sourcecode.c.h; name = SearchViewController.h; path = CrocoMini/SearchViewController.h; sourceTree = SOURCE_ROOT; };
		0913DE871FD0161500050047 /* SearchViewController.m */ = {isa = PBXFileReference; fileEncoding = 4; lastKnownFileType = sourcecode.c.objc; name = SearchViewController.m; path = CrocoMini/SearchViewController.m; sourceTree = SOURCE_ROOT; };
		09B6FF881FD03B1C0040534B /* Default-568h@2x.png */ = {isa = PBXFileReference; lastKnownFileType = image.png; path = "Default-568h@2x.png"; sourceTree = "<group>"; };
		09B6FF8A1FD03BD50040534B /* Info.plist */ = {isa = PBXFileReference; fileEncoding = 4; lastKnownFileType = text.plist.xml; name = Info.plist; path = CrocoMini/Info.plist; sourceTree = SOURCE_ROOT; };
		09B6FF8C1FD03D0B0040534B /* Main.storyboard */ = {isa = PBXFileReference; lastKnownFileType = file.storyboard; path = Main.storyboard; sourceTree = "<group>"; };
		09C424F41FCC34AC004DE04C /* CrocoMini.app */ = {isa = PBXFileReference; explicitFileType = wrapper.application; includeInIndex = 0; path = CrocoMini.app; sourceTree = BUILT_PRODUCTS_DIR; };
		09C424F71FCC34AC004DE04C /* AppDelegate.h */ = {isa = PBXFileReference; lastKnownFileType = sourcecode.c.h; path = AppDelegate.h; sourceTree = "<group>"; };
		09C424F81FCC34AC004DE04C /* AppDelegate.m */ = {isa = PBXFileReference; lastKnownFileType = sourcecode.c.objc; path = AppDelegate.m; sourceTree = "<group>"; };
		09C425011FCC34AC004DE04C /* CrocoMini.xcdatamodel */ = {isa = PBXFileReference; lastKnownFileType = wrapper.xcdatamodel; path = CrocoMini.xcdatamodel; sourceTree = "<group>"; };
		09C425031FCC34AC004DE04C /* Assets.xcassets */ = {isa = PBXFileReference; lastKnownFileType = folder.assetcatalog; path = Assets.xcassets; sourceTree = "<group>"; };
		09C425091FCC34AC004DE04C /* main.m */ = {isa = PBXFileReference; lastKnownFileType = sourcecode.c.objc; path = main.m; sourceTree = "<group>"; };
		09C4250F1FCC34AC004DE04C /* CrocoMiniTests.xctest */ = {isa = PBXFileReference; explicitFileType = wrapper.cfbundle; includeInIndex = 0; path = CrocoMiniTests.xctest; sourceTree = BUILT_PRODUCTS_DIR; };
		09C425131FCC34AC004DE04C /* CrocoMiniTests.m */ = {isa = PBXFileReference; lastKnownFileType = sourcecode.c.objc; path = CrocoMiniTests.m; sourceTree = "<group>"; };
		09C425151FCC34AC004DE04C /* Info.plist */ = {isa = PBXFileReference; lastKnownFileType = text.plist.xml; path = Info.plist; sourceTree = "<group>"; };
/* End PBXFileReference section */

/* Begin PBXFrameworksBuildPhase section */
		09C424F11FCC34AC004DE04C /* Frameworks */ = {
			isa = PBXFrameworksBuildPhase;
			buildActionMask = 2147483647;
			files = (
			);
			runOnlyForDeploymentPostprocessing = 0;
		};
		09C4250C1FCC34AC004DE04C /* Frameworks */ = {
			isa = PBXFrameworksBuildPhase;
			buildActionMask = 2147483647;
			files = (
			);
			runOnlyForDeploymentPostprocessing = 0;
		};
/* End PBXFrameworksBuildPhase section */

/* Begin PBXGroup section */
		09C424EB1FCC34AC004DE04C = {
			isa = PBXGroup;
			children = (
				09C424F61FCC34AC004DE04C /* CrocoMini */,
				09C425121FCC34AC004DE04C /* CrocoMiniTests */,
				09C424F51FCC34AC004DE04C /* Products */,
			);
			sourceTree = "<group>";
		};
		09C424F51FCC34AC004DE04C /* Products */ = {
			isa = PBXGroup;
			children = (
				09C424F41FCC34AC004DE04C /* CrocoMini.app */,
				09C4250F1FCC34AC004DE04C /* CrocoMiniTests.xctest */,
			);
			name = Products;
			sourceTree = "<group>";
		};
		09C424F61FCC34AC004DE04C /* CrocoMini */ = {
			isa = PBXGroup;
			children = (
				0913DE841FD0161500050047 /* MainViewController.h */,
				0913DE851FD0161500050047 /* MainViewController.m */,
				0913DE861FD0161500050047 /* SearchViewController.h */,
				0913DE871FD0161500050047 /* SearchViewController.m */,
				09C4251E1FCC44B8004DE04C /* Application */,
				09C4251F1FCC44C2004DE04C /* Database */,
			);
			path = CrocoMini;
			sourceTree = "<group>";
		};
		09C425121FCC34AC004DE04C /* CrocoMiniTests */ = {
			isa = PBXGroup;
			children = (
				09C425131FCC34AC004DE04C /* CrocoMiniTests.m */,
				09C425151FCC34AC004DE04C /* Info.plist */,
			);
			path = CrocoMiniTests;
			sourceTree = "<group>";
		};
		09C4251E1FCC44B8004DE04C /* Application */ = {
			isa = PBXGroup;
			children = (
				09B6FF8A1FD03BD50040534B /* Info.plist */,
				09C424F71FCC34AC004DE04C /* AppDelegate.h */,
				09C424F81FCC34AC004DE04C /* AppDelegate.m */,
				09C425031FCC34AC004DE04C /* Assets.xcassets */,
				09C425091FCC34AC004DE04C /* main.m */,
				09B6FF881FD03B1C0040534B /* Default-568h@2x.png */,
				09B6FF8C1FD03D0B0040534B /* Main.storyboard */,
			);
			path = Application;
			sourceTree = "<group>";
		};
		09C4251F1FCC44C2004DE04C /* Database */ = {
			isa = PBXGroup;
			children = (
				09C425001FCC34AC004DE04C /* CrocoMini.xcdatamodeld */,
			);
			path = Database;
			sourceTree = "<group>";
		};
/* End PBXGroup section */

/* Begin PBXNativeTarget section */
		09C424F31FCC34AC004DE04C /* CrocoMini */ = {
			isa = PBXNativeTarget;
			buildConfigurationList = 09C425181FCC34AC004DE04C /* Build configuration list for PBXNativeTarget "CrocoMini" */;
			buildPhases = (
				09C424F01FCC34AC004DE04C /* Sources */,
				09C424F11FCC34AC004DE04C /* Frameworks */,
				09C424F21FCC34AC004DE04C /* Resources */,
			);
			buildRules = (
			);
			dependencies = (
			);
			name = CrocoMini;
			productName = CrocoMini;
			productReference = 09C424F41FCC34AC004DE04C /* CrocoMini.app */;
			productType = "com.apple.product-type.application";
		};
		09C4250E1FCC34AC004DE04C /* CrocoMiniTests */ = {
			isa = PBXNativeTarget;
			buildConfigurationList = 09C4251B1FCC34AC004DE04C /* Build configuration list for PBXNativeTarget "CrocoMiniTests" */;
			buildPhases = (
				09C4250B1FCC34AC004DE04C /* Sources */,
				09C4250C1FCC34AC004DE04C /* Frameworks */,
				09C4250D1FCC34AC004DE04C /* Resources */,
			);
			buildRules = (
			);
			dependencies = (
				09C425111FCC34AC004DE04C /* PBXTargetDependency */,
			);
			name = CrocoMiniTests;
			productName = CrocoMiniTests;
			productReference = 09C4250F1FCC34AC004DE04C /* CrocoMiniTests.xctest */;
			productType = "com.apple.product-type.bundle.unit-test";
		};
/* End PBXNativeTarget section */

/* Begin PBXProject section */
		09C424EC1FCC34AC004DE04C /* Project object */ = {
			isa = PBXProject;
			attributes = {
				LastUpgradeCheck = 0910;
				ORGANIZATIONNAME = "Tatiana Mudryak";
				TargetAttributes = {
					09C424F31FCC34AC004DE04C = {
						CreatedOnToolsVersion = 9.1;
						LastSwiftMigration = 0910;
						ProvisioningStyle = Automatic;
					};
					09C4250E1FCC34AC004DE04C = {
						CreatedOnToolsVersion = 9.1;
						ProvisioningStyle = Automatic;
						TestTargetID = 09C424F31FCC34AC004DE04C;
					};
				};
			};
			buildConfigurationList = 09C424EF1FCC34AC004DE04C /* Build configuration list for PBXProject "CrocoMini" */;
			compatibilityVersion = "Xcode 8.0";
			developmentRegion = en;
			hasScannedForEncodings = 0;
			knownRegions = (
				en,
				Base,
			);
			mainGroup = 09C424EB1FCC34AC004DE04C;
			productRefGroup = 09C424F51FCC34AC004DE04C /* Products */;
			projectDirPath = "";
			projectRoot = "";
			targets = (
				09C424F31FCC34AC004DE04C /* CrocoMini */,
				09C4250E1FCC34AC004DE04C /* CrocoMiniTests */,
			);
		};
/* End PBXProject section */

/* Begin PBXResourcesBuildPhase section */
		09C424F21FCC34AC004DE04C /* Resources */ = {
			isa = PBXResourcesBuildPhase;
			buildActionMask = 2147483647;
			files = (
				09C425041FCC34AC004DE04C /* Assets.xcassets in Resources */,
				09B6FF891FD03B1C0040534B /* Default-568h@2x.png in Resources */,
				09B6FF8B1FD03BD50040534B /* Info.plist in Resources */,
				09B6FF8D1FD03D0B0040534B /* Main.storyboard in Resources */,
			);
			runOnlyForDeploymentPostprocessing = 0;
		};
		09C4250D1FCC34AC004DE04C /* Resources */ = {
			isa = PBXResourcesBuildPhase;
			buildActionMask = 2147483647;
			files = (
			);
			runOnlyForDeploymentPostprocessing = 0;
		};
/* End PBXResourcesBuildPhase section */

/* Begin PBXSourcesBuildPhase section */
		09C424F01FCC34AC004DE04C /* Sources */ = {
			isa = PBXSourcesBuildPhase;
			buildActionMask = 2147483647;
			files = (
				09C425021FCC34AC004DE04C /* CrocoMini.xcdatamodeld in Sources */,
				09C4250A1FCC34AC004DE04C /* main.m in Sources */,
				0913DE891FD0161500050047 /* MainViewController.m in Sources */,
				0913DE8A1FD0161500050047 /* SearchViewController.m in Sources */,
				09C424F91FCC34AC004DE04C /* AppDelegate.m in Sources */,
			);
			runOnlyForDeploymentPostprocessing = 0;
		};
		09C4250B1FCC34AC004DE04C /* Sources */ = {
			isa = PBXSourcesBuildPhase;
			buildActionMask = 2147483647;
			files = (
				09C425141FCC34AC004DE04C /* CrocoMiniTests.m in Sources */,
			);
			runOnlyForDeploymentPostprocessing = 0;
		};
/* End PBXSourcesBuildPhase section */

/* Begin PBXTargetDependency section */
		09C425111FCC34AC004DE04C /* PBXTargetDependency */ = {
			isa = PBXTargetDependency;
			target = 09C424F31FCC34AC004DE04C /* CrocoMini */;
			targetProxy = 09C425101FCC34AC004DE04C /* PBXContainerItemProxy */;
		};
/* End PBXTargetDependency section */

/* Begin XCBuildConfiguration section */
		09C425161FCC34AC004DE04C /* Debug */ = {
			isa = XCBuildConfiguration;
			buildSettings = {
				ALWAYS_EMBED_SWIFT_STANDARD_LIBRARIES = YES;
				ALWAYS_SEARCH_USER_PATHS = NO;
				CLANG_ANALYZER_NONNULL = YES;
				CLANG_ANALYZER_NUMBER_OBJECT_CONVERSION = YES_AGGRESSIVE;
				CLANG_CXX_LANGUAGE_STANDARD = "gnu++14";
				CLANG_CXX_LIBRARY = "libc++";
				CLANG_ENABLE_MODULES = YES;
				CLANG_ENABLE_OBJC_ARC = YES;
				CLANG_WARN_BLOCK_CAPTURE_AUTORELEASING = YES;
				CLANG_WARN_BOOL_CONVERSION = YES;
				CLANG_WARN_COMMA = YES;
				CLANG_WARN_CONSTANT_CONVERSION = YES;
				CLANG_WARN_DIRECT_OBJC_ISA_USAGE = YES_ERROR;
				CLANG_WARN_DOCUMENTATION_COMMENTS = YES;
				CLANG_WARN_EMPTY_BODY = YES;
				CLANG_WARN_ENUM_CONVERSION = YES;
				CLANG_WARN_INFINITE_RECURSION = YES;
				CLANG_WARN_INT_CONVERSION = YES;
				CLANG_WARN_NON_LITERAL_NULL_CONVERSION = YES;
				CLANG_WARN_OBJC_LITERAL_CONVERSION = YES;
				CLANG_WARN_OBJC_ROOT_CLASS = YES_ERROR;
				CLANG_WARN_RANGE_LOOP_ANALYSIS = YES;
				CLANG_WARN_STRICT_PROTOTYPES = YES;
				CLANG_WARN_SUSPICIOUS_MOVE = YES;
				CLANG_WARN_UNGUARDED_AVAILABILITY = YES_AGGRESSIVE;
				CLANG_WARN_UNREACHABLE_CODE = YES;
				CLANG_WARN__DUPLICATE_METHOD_MATCH = YES;
				CODE_SIGN_IDENTITY = "iPhone Developer";
				COPY_PHASE_STRIP = NO;
				DEBUG_INFORMATION_FORMAT = dwarf;
				DEFINES_MODULE = NO;
				ENABLE_STRICT_OBJC_MSGSEND = YES;
				ENABLE_TESTABILITY = YES;
				GCC_C_LANGUAGE_STANDARD = gnu11;
				GCC_DYNAMIC_NO_PIC = NO;
				GCC_NO_COMMON_BLOCKS = YES;
				GCC_OPTIMIZATION_LEVEL = 0;
				GCC_PREPROCESSOR_DEFINITIONS = (
					"DEBUG=1",
					"$(inherited)",
				);
				GCC_WARN_64_TO_32_BIT_CONVERSION = YES;
				GCC_WARN_ABOUT_RETURN_TYPE = YES_ERROR;
				GCC_WARN_UNDECLARED_SELECTOR = YES;
				GCC_WARN_UNINITIALIZED_AUTOS = YES_AGGRESSIVE;
				GCC_WARN_UNUSED_FUNCTION = YES;
				GCC_WARN_UNUSED_VARIABLE = YES;
				IPHONEOS_DEPLOYMENT_TARGET = 11.1;
				MTL_ENABLE_DEBUG_INFO = YES;
				ONLY_ACTIVE_ARCH = YES;
				SDKROOT = iphoneos;
			};
			name = Debug;
		};
		09C425171FCC34AC004DE04C /* Release */ = {
			isa = XCBuildConfiguration;
			buildSettings = {
				ALWAYS_EMBED_SWIFT_STANDARD_LIBRARIES = YES;
				ALWAYS_SEARCH_USER_PATHS = NO;
				CLANG_ANALYZER_NONNULL = YES;
				CLANG_ANALYZER_NUMBER_OBJECT_CONVERSION = YES_AGGRESSIVE;
				CLANG_CXX_LANGUAGE_STANDARD = "gnu++14";
				CLANG_CXX_LIBRARY = "libc++";
				CLANG_ENABLE_MODULES = YES;
				CLANG_ENABLE_OBJC_ARC = YES;
				CLANG_WARN_BLOCK_CAPTURE_AUTORELEASING = YES;
				CLANG_WARN_BOOL_CONVERSION = YES;
				CLANG_WARN_COMMA = YES;
				CLANG_WARN_CONSTANT_CONVERSION = YES;
				CLANG_WARN_DIRECT_OBJC_ISA_USAGE = YES_ERROR;
				CLANG_WARN_DOCUMENTATION_COMMENTS = YES;
				CLANG_WARN_EMPTY_BODY = YES;
				CLANG_WARN_ENUM_CONVERSION = YES;
				CLANG_WARN_INFINITE_RECURSION = YES;
				CLANG_WARN_INT_CONVERSION = YES;
				CLANG_WARN_NON_LITERAL_NULL_CONVERSION = YES;
				CLANG_WARN_OBJC_LITERAL_CONVERSION = YES;
				CLANG_WARN_OBJC_ROOT_CLASS = YES_ERROR;
				CLANG_WARN_RANGE_LOOP_ANALYSIS = YES;
				CLANG_WARN_STRICT_PROTOTYPES = YES;
				CLANG_WARN_SUSPICIOUS_MOVE = YES;
				CLANG_WARN_UNGUARDED_AVAILABILITY = YES_AGGRESSIVE;
				CLANG_WARN_UNREACHABLE_CODE = YES;
				CLANG_WARN__DUPLICATE_METHOD_MATCH = YES;
				CODE_SIGN_IDENTITY = "iPhone Developer";
				COPY_PHASE_STRIP = NO;
				DEBUG_INFORMATION_FORMAT = "dwarf-with-dsym";
				DEFINES_MODULE = NO;
				ENABLE_NS_ASSERTIONS = NO;
				ENABLE_STRICT_OBJC_MSGSEND = YES;
				GCC_C_LANGUAGE_STANDARD = gnu11;
				GCC_NO_COMMON_BLOCKS = YES;
				GCC_WARN_64_TO_32_BIT_CONVERSION = YES;
				GCC_WARN_ABOUT_RETURN_TYPE = YES_ERROR;
				GCC_WARN_UNDECLARED_SELECTOR = YES;
				GCC_WARN_UNINITIALIZED_AUTOS = YES_AGGRESSIVE;
				GCC_WARN_UNUSED_FUNCTION = YES;
				GCC_WARN_UNUSED_VARIABLE = YES;
				IPHONEOS_DEPLOYMENT_TARGET = 11.1;
				MTL_ENABLE_DEBUG_INFO = NO;
				SDKROOT = iphoneos;
				VALIDATE_PRODUCT = YES;
			};
			name = Release;
		};
		09C425191FCC34AC004DE04C /* Debug */ = {
			isa = XCBuildConfiguration;
			buildSettings = {
				ALWAYS_EMBED_SWIFT_STANDARD_LIBRARIES = YES;
				ASSETCATALOG_COMPILER_APPICON_NAME = AppIcon;
				CLANG_ENABLE_MODULES = YES;
				CODE_SIGN_STYLE = Automatic;
				INFOPLIST_FILE = CrocoMini/Info.plist;
				IPHONEOS_DEPLOYMENT_TARGET = 9.0;
				LD_RUNPATH_SEARCH_PATHS = "$(inherited) @executable_path/Frameworks";
				PRODUCT_BUNDLE_IDENTIFIER = tm.CrocoMini;
				PRODUCT_NAME = "$(TARGET_NAME)";
				SWIFT_OBJC_BRIDGING_HEADER = "CrocoMini/CrocoMini-Bridging-Header.h";
				SWIFT_OPTIMIZATION_LEVEL = "-Onone";
				SWIFT_VERSION = 3.0;
				TARGETED_DEVICE_FAMILY = "1,2";
			};
			name = Debug;
		};
		09C4251A1FCC34AC004DE04C /* Release */ = {
			isa = XCBuildConfiguration;
			buildSettings = {
				ALWAYS_EMBED_SWIFT_STANDARD_LIBRARIES = YES;
				ASSETCATALOG_COMPILER_APPICON_NAME = AppIcon;
				CLANG_ENABLE_MODULES = YES;
				CODE_SIGN_STYLE = Automatic;
				INFOPLIST_FILE = CrocoMini/Info.plist;
				IPHONEOS_DEPLOYMENT_TARGET = 9.0;
				LD_RUNPATH_SEARCH_PATHS = "$(inherited) @executable_path/Frameworks";
				PRODUCT_BUNDLE_IDENTIFIER = tm.CrocoMini;
				PRODUCT_NAME = "$(TARGET_NAME)";
				SWIFT_OBJC_BRIDGING_HEADER = "CrocoMini/CrocoMini-Bridging-Header.h";
				SWIFT_VERSION = 3.0;
				TARGETED_DEVICE_FAMILY = "1,2";
			};
			name = Release;
		};
		09C4251C1FCC34AC004DE04C /* Debug */ = {
			isa = XCBuildConfiguration;
			buildSettings = {
				BUNDLE_LOADER = "$(TEST_HOST)";
				CODE_SIGN_STYLE = Automatic;
				INFOPLIST_FILE = CrocoMiniTests/Info.plist;
				LD_RUNPATH_SEARCH_PATHS = "$(inherited) @executable_path/Frameworks @loader_path/Frameworks";
				PRODUCT_BUNDLE_IDENTIFIER = tm.CrocoMiniTests;
				PRODUCT_NAME = "$(TARGET_NAME)";
				TARGETED_DEVICE_FAMILY = "1,2";
				TEST_HOST = "$(BUILT_PRODUCTS_DIR)/CrocoMini.app/CrocoMini";
			};
			name = Debug;
		};
		09C4251D1FCC34AC004DE04C /* Release */ = {
			isa = XCBuildConfiguration;
			buildSettings = {
				BUNDLE_LOADER = "$(TEST_HOST)";
				CODE_SIGN_STYLE = Automatic;
				INFOPLIST_FILE = CrocoMiniTests/Info.plist;
				LD_RUNPATH_SEARCH_PATHS = "$(inherited) @executable_path/Frameworks @loader_path/Frameworks";
				PRODUCT_BUNDLE_IDENTIFIER = tm.CrocoMiniTests;
				PRODUCT_NAME = "$(TARGET_NAME)";
				TARGETED_DEVICE_FAMILY = "1,2";
				TEST_HOST = "$(BUILT_PRODUCTS_DIR)/CrocoMini.app/CrocoMini";
			};
			name = Release;
		};
/* End XCBuildConfiguration section */

/* Begin XCConfigurationList section */
		09C424EF1FCC34AC004DE04C /* Build configuration list for PBXProject "CrocoMini" */ = {
			isa = XCConfigurationList;
			buildConfigurations = (
				09C425161FCC34AC004DE04C /* Debug */,
				09C425171FCC34AC004DE04C /* Release */,
			);
			defaultConfigurationIsVisible = 0;
			defaultConfigurationName = Release;
		};
		09C425181FCC34AC004DE04C /* Build configuration list for PBXNativeTarget "CrocoMini" */ = {
			isa = XCConfigurationList;
			buildConfigurations = (
				09C425191FCC34AC004DE04C /* Debug */,
				09C4251A1FCC34AC004DE04C /* Release */,
			);
			defaultConfigurationIsVisible = 0;
			defaultConfigurationName = Release;
		};
		09C4251B1FCC34AC004DE04C /* Build configuration list for PBXNativeTarget "CrocoMiniTests" */ = {
			isa = XCConfigurationList;
			buildConfigurations = (
				09C4251C1FCC34AC004DE04C /* Debug */,
				09C4251D1FCC34AC004DE04C /* Release */,
			);
			defaultConfigurationIsVisible = 0;
			defaultConfigurationName = Release;
		};
/* End XCConfigurationList section */

/* Begin XCVersionGroup section */
		09C425001FCC34AC004DE04C /* CrocoMini.xcdatamodeld */ = {
			isa = XCVersionGroup;
			children = (
				09C425011FCC34AC004DE04C /* CrocoMini.xcdatamodel */,
			);
			currentVersion = 09C425011FCC34AC004DE04C /* CrocoMini.xcdatamodel */;
			path = CrocoMini.xcdatamodeld;
			sourceTree = "<group>";
			versionGroupType = wrapper.xcdatamodel;
		};
/* End XCVersionGroup section */
	};
	rootObject = 09C424EC1FCC34AC004DE04C /* Project object */;
}
