// !$*UTF8*$!
{
	archiveVersion = 1;
	classes = {
	};
	objectVersion = 48;
	objects = {

/* Begin PBXBuildFile section */
		091CA62A1FD567AB00B789BD /* Main.storyboard in Resources */ = {isa = PBXBuildFile; fileRef = 091CA6281FD567AB00B789BD /* Main.storyboard */; };
		091CA62F1FD567AB00B789BD /* Assets.xcassets in Resources */ = {isa = PBXBuildFile; fileRef = 091CA62E1FD567AB00B789BD /* Assets.xcassets */; };
		091CA6321FD567AB00B789BD /* LaunchScreen.storyboard in Resources */ = {isa = PBXBuildFile; fileRef = 091CA6301FD567AB00B789BD /* LaunchScreen.storyboard */; };
		09ECAE251FD6B29300CA920A /* SearchItemManager.m in Sources */ = {isa = PBXBuildFile; fileRef = 091CA67D1FD696B400B789BD /* SearchItemManager.m */; };
		09ECAE261FD6B29300CA920A /* MainViewController.m in Sources */ = {isa = PBXBuildFile; fileRef = 091CA6531FD569B200B789BD /* MainViewController.m */; };
		09ECAE271FD6B29300CA920A /* SearchViewController.m in Sources */ = {isa = PBXBuildFile; fileRef = 091CA6561FD569B200B789BD /* SearchViewController.m */; };
		09ECAE281FD6B29300CA920A /* LoadingView.m in Sources */ = {isa = PBXBuildFile; fileRef = 091CA65E1FD56A2B00B789BD /* LoadingView.m */; };
		09ECAE291FD6B29300CA920A /* ItemsSearchBar.m in Sources */ = {isa = PBXBuildFile; fileRef = 091CA6811FD69AF000B789BD /* ItemsSearchBar.m */; };
		09ECAE2C1FD6B29300CA920A /* ItemStoreManager.m in Sources */ = {isa = PBXBuildFile; fileRef = 09ECAE1D1FD6B23A00CA920A /* ItemStoreManager.m */; };
		09ECAE2D1FD6B29300CA920A /* LoadingManager.m in Sources */ = {isa = PBXBuildFile; fileRef = 091CA6711FD596DD00B789BD /* LoadingManager.m */; };
		09ECAE2E1FD6B29300CA920A /* NetworkAPI.m in Sources */ = {isa = PBXBuildFile; fileRef = 091CA66D1FD5957000B789BD /* NetworkAPI.m */; };
		09ECAE2F1FD6B29300CA920A /* ItemsLoadingOperation.m in Sources */ = {isa = PBXBuildFile; fileRef = 091CA6741FD59DB600B789BD /* ItemsLoadingOperation.m */; };
		09ECAE301FD6B29300CA920A /* AppDelegate.m in Sources */ = {isa = PBXBuildFile; fileRef = 091CA6231FD567AB00B789BD /* AppDelegate.m */; };
		09ECAE311FD6B29300CA920A /* main.m in Sources */ = {isa = PBXBuildFile; fileRef = 091CA6341FD567AB00B789BD /* main.m */; };
		09ECAE331FD6B2A500CA920A /* PurchasesViewController.swift in Sources */ = {isa = PBXBuildFile; fileRef = 091CA6541FD569B200B789BD /* PurchasesViewController.swift */; };
		09ECAE3B1FD6D22800CA920A /* ItemCell.m in Sources */ = {isa = PBXBuildFile; fileRef = 09ECAE3A1FD6D22800CA920A /* ItemCell.m */; };
		09ECAE401FD6D47300CA920A /* ItemsTableViewDataSource.m in Sources */ = {isa = PBXBuildFile; fileRef = 09ECAE3F1FD6D47300CA920A /* ItemsTableViewDataSource.m */; };
		09ECAE441FD7D43400CA920A /* OperationsManager.m in Sources */ = {isa = PBXBuildFile; fileRef = 09ECAE431FD7D43400CA920A /* OperationsManager.m */; };
		09ECAE4D1FD7DAD200CA920A /* BaseOperation.m in Sources */ = {isa = PBXBuildFile; fileRef = 09ECAE4C1FD7DAD200CA920A /* BaseOperation.m */; };
		09F7C0101FD8131B00982378 /* Ya_croco.xcdatamodeld in Sources */ = {isa = PBXBuildFile; fileRef = 091CA6691FD594FF00B789BD /* Ya_croco.xcdatamodeld */; };
		76DBE08DAAE0D63D0AE280E3 /* libPods-Ya_croco.a in Frameworks */ = {isa = PBXBuildFile; fileRef = E8B7DBC6752E7B6576CC1447 /* libPods-Ya_croco.a */; };
/* End PBXBuildFile section */

/* Begin PBXFileReference section */
		091CA61F1FD567AB00B789BD /* Ya_croco.app */ = {isa = PBXFileReference; explicitFileType = wrapper.application; includeInIndex = 0; path = Ya_croco.app; sourceTree = BUILT_PRODUCTS_DIR; };
		091CA6221FD567AB00B789BD /* AppDelegate.h */ = {isa = PBXFileReference; lastKnownFileType = sourcecode.c.h; path = AppDelegate.h; sourceTree = "<group>"; };
		091CA6231FD567AB00B789BD /* AppDelegate.m */ = {isa = PBXFileReference; lastKnownFileType = sourcecode.c.objc; path = AppDelegate.m; sourceTree = "<group>"; };
		091CA6291FD567AB00B789BD /* Base */ = {isa = PBXFileReference; lastKnownFileType = file.storyboard; name = Base; path = Base.lproj/Main.storyboard; sourceTree = "<group>"; };
		091CA62E1FD567AB00B789BD /* Assets.xcassets */ = {isa = PBXFileReference; lastKnownFileType = folder.assetcatalog; path = Assets.xcassets; sourceTree = "<group>"; };
		091CA6311FD567AB00B789BD /* Base */ = {isa = PBXFileReference; lastKnownFileType = file.storyboard; name = Base; path = Base.lproj/LaunchScreen.storyboard; sourceTree = "<group>"; };
		091CA6331FD567AB00B789BD /* Info.plist */ = {isa = PBXFileReference; lastKnownFileType = text.plist.xml; path = Info.plist; sourceTree = "<group>"; };
		091CA6341FD567AB00B789BD /* main.m */ = {isa = PBXFileReference; lastKnownFileType = sourcecode.c.objc; path = main.m; sourceTree = "<group>"; };
		091CA64F1FD5686D00B789BD /* Ya_croco-Bridging-Header.h */ = {isa = PBXFileReference; lastKnownFileType = sourcecode.c.h; path = "Ya_croco-Bridging-Header.h"; sourceTree = "<group>"; };
		091CA6531FD569B200B789BD /* MainViewController.m */ = {isa = PBXFileReference; fileEncoding = 4; lastKnownFileType = sourcecode.c.objc; name = MainViewController.m; path = Controllers/MainViewController.m; sourceTree = "<group>"; };
		091CA6541FD569B200B789BD /* PurchasesViewController.swift */ = {isa = PBXFileReference; fileEncoding = 4; lastKnownFileType = sourcecode.swift; name = PurchasesViewController.swift; path = Controllers/PurchasesViewController.swift; sourceTree = "<group>"; };
		091CA6551FD569B200B789BD /* SearchViewController.h */ = {isa = PBXFileReference; fileEncoding = 4; lastKnownFileType = sourcecode.c.h; name = SearchViewController.h; path = Controllers/SearchViewController.h; sourceTree = "<group>"; };
		091CA6561FD569B200B789BD /* SearchViewController.m */ = {isa = PBXFileReference; fileEncoding = 4; lastKnownFileType = sourcecode.c.objc; name = SearchViewController.m; path = Controllers/SearchViewController.m; sourceTree = "<group>"; };
		091CA6571FD569B200B789BD /* MainViewController.h */ = {isa = PBXFileReference; fileEncoding = 4; lastKnownFileType = sourcecode.c.h; name = MainViewController.h; path = Controllers/MainViewController.h; sourceTree = "<group>"; };
		091CA65D1FD56A2B00B789BD /* LoadingView.h */ = {isa = PBXFileReference; lastKnownFileType = sourcecode.c.h; path = LoadingView.h; sourceTree = "<group>"; };
		091CA65E1FD56A2B00B789BD /* LoadingView.m */ = {isa = PBXFileReference; lastKnownFileType = sourcecode.c.objc; path = LoadingView.m; sourceTree = "<group>"; };
		091CA6611FD56D8200B789BD /* Prefix.h */ = {isa = PBXFileReference; lastKnownFileType = sourcecode.c.h; path = Prefix.h; sourceTree = "<group>"; };
		091CA6621FD570FB00B789BD /* Constants.h */ = {isa = PBXFileReference; lastKnownFileType = sourcecode.c.h; path = Constants.h; sourceTree = "<group>"; };
		091CA66A1FD594FF00B789BD /* Ya_croco.xcdatamodel */ = {isa = PBXFileReference; lastKnownFileType = wrapper.xcdatamodel; path = Ya_croco.xcdatamodel; sourceTree = "<group>"; };
		091CA66C1FD5957000B789BD /* NetworkAPI.h */ = {isa = PBXFileReference; lastKnownFileType = sourcecode.c.h; path = NetworkAPI.h; sourceTree = "<group>"; };
		091CA66D1FD5957000B789BD /* NetworkAPI.m */ = {isa = PBXFileReference; lastKnownFileType = sourcecode.c.objc; path = NetworkAPI.m; sourceTree = "<group>"; };
		091CA6701FD596DD00B789BD /* LoadingManager.h */ = {isa = PBXFileReference; lastKnownFileType = sourcecode.c.h; name = LoadingManager.h; path = Network/LoadingManager.h; sourceTree = "<group>"; };
		091CA6711FD596DD00B789BD /* LoadingManager.m */ = {isa = PBXFileReference; lastKnownFileType = sourcecode.c.objc; name = LoadingManager.m; path = Network/LoadingManager.m; sourceTree = "<group>"; };
		091CA6731FD59DB600B789BD /* ItemsLoadingOperation.h */ = {isa = PBXFileReference; lastKnownFileType = sourcecode.c.h; path = ItemsLoadingOperation.h; sourceTree = "<group>"; };
		091CA6741FD59DB600B789BD /* ItemsLoadingOperation.m */ = {isa = PBXFileReference; lastKnownFileType = sourcecode.c.objc; path = ItemsLoadingOperation.m; sourceTree = "<group>"; };
		091CA67C1FD696B400B789BD /* SearchItemManager.h */ = {isa = PBXFileReference; lastKnownFileType = sourcecode.c.h; path = SearchItemManager.h; sourceTree = "<group>"; };
		091CA67D1FD696B400B789BD /* SearchItemManager.m */ = {isa = PBXFileReference; lastKnownFileType = sourcecode.c.objc; path = SearchItemManager.m; sourceTree = "<group>"; };
		091CA6801FD69AF000B789BD /* ItemsSearchBar.h */ = {isa = PBXFileReference; lastKnownFileType = sourcecode.c.h; name = ItemsSearchBar.h; path = Views/ItemsSearchBar.h; sourceTree = "<group>"; };
		091CA6811FD69AF000B789BD /* ItemsSearchBar.m */ = {isa = PBXFileReference; lastKnownFileType = sourcecode.c.objc; name = ItemsSearchBar.m; path = Views/ItemsSearchBar.m; sourceTree = "<group>"; };
		09ECAE1C1FD6B23A00CA920A /* ItemStoreManager.h */ = {isa = PBXFileReference; lastKnownFileType = sourcecode.c.h; name = ItemStoreManager.h; path = Classes/ItemStoreManager.h; sourceTree = "<group>"; };
		09ECAE1D1FD6B23A00CA920A /* ItemStoreManager.m */ = {isa = PBXFileReference; lastKnownFileType = sourcecode.c.objc; name = ItemStoreManager.m; path = Classes/ItemStoreManager.m; sourceTree = "<group>"; };
		09ECAE391FD6D22800CA920A /* ItemCell.h */ = {isa = PBXFileReference; lastKnownFileType = sourcecode.c.h; name = ItemCell.h; path = Views/ItemCell.h; sourceTree = "<group>"; };
		09ECAE3A1FD6D22800CA920A /* ItemCell.m */ = {isa = PBXFileReference; lastKnownFileType = sourcecode.c.objc; name = ItemCell.m; path = Views/ItemCell.m; sourceTree = "<group>"; };
		09ECAE3E1FD6D47300CA920A /* ItemsTableViewDataSource.h */ = {isa = PBXFileReference; lastKnownFileType = sourcecode.c.h; name = ItemsTableViewDataSource.h; path = Classes/ItemsTableViewDataSource.h; sourceTree = "<group>"; };
		09ECAE3F1FD6D47300CA920A /* ItemsTableViewDataSource.m */ = {isa = PBXFileReference; lastKnownFileType = sourcecode.c.objc; name = ItemsTableViewDataSource.m; path = Classes/ItemsTableViewDataSource.m; sourceTree = "<group>"; };
		09ECAE421FD7D43400CA920A /* OperationsManager.h */ = {isa = PBXFileReference; lastKnownFileType = sourcecode.c.h; name = OperationsManager.h; path = Classes/OperationsManager.h; sourceTree = "<group>"; };
		09ECAE431FD7D43400CA920A /* OperationsManager.m */ = {isa = PBXFileReference; lastKnownFileType = sourcecode.c.objc; name = OperationsManager.m; path = Classes/OperationsManager.m; sourceTree = "<group>"; };
		09ECAE4B1FD7DAD200CA920A /* BaseOperation.h */ = {isa = PBXFileReference; lastKnownFileType = sourcecode.c.h; name = BaseOperation.h; path = Classes/BaseOperation.h; sourceTree = "<group>"; };
		09ECAE4C1FD7DAD200CA920A /* BaseOperation.m */ = {isa = PBXFileReference; lastKnownFileType = sourcecode.c.objc; name = BaseOperation.m; path = Classes/BaseOperation.m; sourceTree = "<group>"; };
		48742FBECC6E58DE4C33AB1B /* Pods-Ya_croco.debug.xcconfig */ = {isa = PBXFileReference; includeInIndex = 1; lastKnownFileType = text.xcconfig; name = "Pods-Ya_croco.debug.xcconfig"; path = "Pods/Target Support Files/Pods-Ya_croco/Pods-Ya_croco.debug.xcconfig"; sourceTree = "<group>"; };
		67D9C0587C3FE8DE08DB75E6 /* Pods-Ya_croco.release.xcconfig */ = {isa = PBXFileReference; includeInIndex = 1; lastKnownFileType = text.xcconfig; name = "Pods-Ya_croco.release.xcconfig"; path = "Pods/Target Support Files/Pods-Ya_croco/Pods-Ya_croco.release.xcconfig"; sourceTree = "<group>"; };
		E8B7DBC6752E7B6576CC1447 /* libPods-Ya_croco.a */ = {isa = PBXFileReference; explicitFileType = archive.ar; includeInIndex = 0; path = "libPods-Ya_croco.a"; sourceTree = BUILT_PRODUCTS_DIR; };
/* End PBXFileReference section */

/* Begin PBXFrameworksBuildPhase section */
		091CA61C1FD567AB00B789BD /* Frameworks */ = {
			isa = PBXFrameworksBuildPhase;
			buildActionMask = 2147483647;
			files = (
				76DBE08DAAE0D63D0AE280E3 /* libPods-Ya_croco.a in Frameworks */,
			);
			runOnlyForDeploymentPostprocessing = 0;
		};
/* End PBXFrameworksBuildPhase section */

/* Begin PBXGroup section */
		091CA6161FD567AB00B789BD = {
			isa = PBXGroup;
			children = (
				091CA6211FD567AB00B789BD /* Ya_croco */,
				091CA6201FD567AB00B789BD /* Products */,
				BFC0025BA5B521A5C4E5D8EA /* Pods */,
				E3B596DAA9B96027B4FEA362 /* Frameworks */,
			);
			sourceTree = "<group>";
		};
		091CA6201FD567AB00B789BD /* Products */ = {
			isa = PBXGroup;
			children = (
				091CA61F1FD567AB00B789BD /* Ya_croco.app */,
			);
			name = Products;
			sourceTree = "<group>";
		};
		091CA6211FD567AB00B789BD /* Ya_croco */ = {
			isa = PBXGroup;
			children = (
				091CA67F1FD696B800B789BD /* Managers */,
				091CA6521FD5698F00B789BD /* Controllers */,
				09ECAE3D1FD6D35600CA920A /* Tableview datasource&delegate */,
				091CA6601FD56A3000B789BD /* Views */,
				091CA65B1FD569BD00B789BD /* Database */,
				091CA65C1FD569D900B789BD /* Application */,
			);
			path = Ya_croco;
			sourceTree = "<group>";
		};
		091CA6521FD5698F00B789BD /* Controllers */ = {
			isa = PBXGroup;
			children = (
				091CA6571FD569B200B789BD /* MainViewController.h */,
				091CA6531FD569B200B789BD /* MainViewController.m */,
				091CA6551FD569B200B789BD /* SearchViewController.h */,
				091CA6561FD569B200B789BD /* SearchViewController.m */,
				091CA64F1FD5686D00B789BD /* Ya_croco-Bridging-Header.h */,
				091CA6541FD569B200B789BD /* PurchasesViewController.swift */,
			);
			name = Controllers;
			sourceTree = "<group>";
		};
		091CA65B1FD569BD00B789BD /* Database */ = {
			isa = PBXGroup;
			children = (
				091CA6691FD594FF00B789BD /* Ya_croco.xcdatamodeld */,
			);
			name = Database;
			sourceTree = "<group>";
		};
		091CA65C1FD569D900B789BD /* Application */ = {
			isa = PBXGroup;
			children = (
				091CA6221FD567AB00B789BD /* AppDelegate.h */,
				091CA6231FD567AB00B789BD /* AppDelegate.m */,
				091CA6281FD567AB00B789BD /* Main.storyboard */,
				091CA62E1FD567AB00B789BD /* Assets.xcassets */,
				091CA6301FD567AB00B789BD /* LaunchScreen.storyboard */,
				091CA6331FD567AB00B789BD /* Info.plist */,
				091CA6341FD567AB00B789BD /* main.m */,
				091CA6611FD56D8200B789BD /* Prefix.h */,
				091CA6621FD570FB00B789BD /* Constants.h */,
			);
			name = Application;
			sourceTree = "<group>";
		};
		091CA6601FD56A3000B789BD /* Views */ = {
			isa = PBXGroup;
			children = (
				091CA65D1FD56A2B00B789BD /* LoadingView.h */,
				091CA65E1FD56A2B00B789BD /* LoadingView.m */,
				091CA6801FD69AF000B789BD /* ItemsSearchBar.h */,
				091CA6811FD69AF000B789BD /* ItemsSearchBar.m */,
				09ECAE391FD6D22800CA920A /* ItemCell.h */,
				09ECAE3A1FD6D22800CA920A /* ItemCell.m */,
			);
			name = Views;
			sourceTree = "<group>";
		};
		091CA66F1FD5957300B789BD /* Network */ = {
			isa = PBXGroup;
			children = (
				091CA6701FD596DD00B789BD /* LoadingManager.h */,
				091CA6711FD596DD00B789BD /* LoadingManager.m */,
				091CA66C1FD5957000B789BD /* NetworkAPI.h */,
				091CA66D1FD5957000B789BD /* NetworkAPI.m */,
			);
			name = Network;
			sourceTree = "<group>";
		};
		091CA67F1FD696B800B789BD /* Managers */ = {
			isa = PBXGroup;
			children = (
				09ECAE411FD7D41800CA920A /* Base */,
				091CA66F1FD5957300B789BD /* Network */,
				091CA67C1FD696B400B789BD /* SearchItemManager.h */,
				091CA67D1FD696B400B789BD /* SearchItemManager.m */,
				09ECAE1C1FD6B23A00CA920A /* ItemStoreManager.h */,
				09ECAE1D1FD6B23A00CA920A /* ItemStoreManager.m */,
			);
			name = Managers;
			sourceTree = "<group>";
		};
		09ECAE3D1FD6D35600CA920A /* Tableview datasource&delegate */ = {
			isa = PBXGroup;
			children = (
				09ECAE3E1FD6D47300CA920A /* ItemsTableViewDataSource.h */,
				09ECAE3F1FD6D47300CA920A /* ItemsTableViewDataSource.m */,
			);
			name = "Tableview datasource&delegate";
			sourceTree = "<group>";
		};
		09ECAE411FD7D41800CA920A /* Base */ = {
			isa = PBXGroup;
			children = (
				09ECAE4B1FD7DAD200CA920A /* BaseOperation.h */,
				09ECAE4C1FD7DAD200CA920A /* BaseOperation.m */,
				091CA6731FD59DB600B789BD /* ItemsLoadingOperation.h */,
				091CA6741FD59DB600B789BD /* ItemsLoadingOperation.m */,
				09ECAE421FD7D43400CA920A /* OperationsManager.h */,
				09ECAE431FD7D43400CA920A /* OperationsManager.m */,
			);
			name = Base;
			sourceTree = "<group>";
		};
		BFC0025BA5B521A5C4E5D8EA /* Pods */ = {
			isa = PBXGroup;
			children = (
				48742FBECC6E58DE4C33AB1B /* Pods-Ya_croco.debug.xcconfig */,
				67D9C0587C3FE8DE08DB75E6 /* Pods-Ya_croco.release.xcconfig */,
			);
			name = Pods;
			sourceTree = "<group>";
		};
		E3B596DAA9B96027B4FEA362 /* Frameworks */ = {
			isa = PBXGroup;
			children = (
				E8B7DBC6752E7B6576CC1447 /* libPods-Ya_croco.a */,
			);
			name = Frameworks;
			sourceTree = "<group>";
		};
/* End PBXGroup section */

/* Begin PBXNativeTarget section */
		091CA61E1FD567AB00B789BD /* Ya_croco */ = {
			isa = PBXNativeTarget;
			buildConfigurationList = 091CA6431FD567AC00B789BD /* Build configuration list for PBXNativeTarget "Ya_croco" */;
			buildPhases = (
				B8D432794138DF372538468D /* [CP] Check Pods Manifest.lock */,
				091CA61B1FD567AB00B789BD /* Sources */,
				091CA61C1FD567AB00B789BD /* Frameworks */,
				091CA61D1FD567AB00B789BD /* Resources */,
				EC986405D6D455675F9BC402 /* [CP] Embed Pods Frameworks */,
				EE4261BA1E8DC9B0459ABA49 /* [CP] Copy Pods Resources */,
			);
			buildRules = (
			);
			dependencies = (
			);
			name = Ya_croco;
			productName = Ya_croco;
			productReference = 091CA61F1FD567AB00B789BD /* Ya_croco.app */;
			productType = "com.apple.product-type.application";
		};
/* End PBXNativeTarget section */

/* Begin PBXProject section */
		091CA6171FD567AB00B789BD /* Project object */ = {
			isa = PBXProject;
			attributes = {
				LastUpgradeCheck = 0910;
				ORGANIZATIONNAME = "Tatiana Mudryak";
				TargetAttributes = {
					091CA61E1FD567AB00B789BD = {
						CreatedOnToolsVersion = 9.1;
						LastSwiftMigration = 0910;
						ProvisioningStyle = Automatic;
					};
				};
			};
			buildConfigurationList = 091CA61A1FD567AB00B789BD /* Build configuration list for PBXProject "Ya_croco" */;
			compatibilityVersion = "Xcode 8.0";
			developmentRegion = en;
			hasScannedForEncodings = 0;
			knownRegions = (
				en,
				Base,
			);
			mainGroup = 091CA6161FD567AB00B789BD;
			productRefGroup = 091CA6201FD567AB00B789BD /* Products */;
			projectDirPath = "";
			projectRoot = "";
			targets = (
				091CA61E1FD567AB00B789BD /* Ya_croco */,
			);
		};
/* End PBXProject section */

/* Begin PBXResourcesBuildPhase section */
		091CA61D1FD567AB00B789BD /* Resources */ = {
			isa = PBXResourcesBuildPhase;
			buildActionMask = 2147483647;
			files = (
				091CA6321FD567AB00B789BD /* LaunchScreen.storyboard in Resources */,
				091CA62F1FD567AB00B789BD /* Assets.xcassets in Resources */,
				091CA62A1FD567AB00B789BD /* Main.storyboard in Resources */,
			);
			runOnlyForDeploymentPostprocessing = 0;
		};
/* End PBXResourcesBuildPhase section */

/* Begin PBXShellScriptBuildPhase section */
		B8D432794138DF372538468D /* [CP] Check Pods Manifest.lock */ = {
			isa = PBXShellScriptBuildPhase;
			buildActionMask = 2147483647;
			files = (
			);
			inputPaths = (
				"${PODS_PODFILE_DIR_PATH}/Podfile.lock",
				"${PODS_ROOT}/Manifest.lock",
			);
			name = "[CP] Check Pods Manifest.lock";
			outputPaths = (
				"$(DERIVED_FILE_DIR)/Pods-Ya_croco-checkManifestLockResult.txt",
			);
			runOnlyForDeploymentPostprocessing = 0;
			shellPath = /bin/sh;
			shellScript = "diff \"${PODS_PODFILE_DIR_PATH}/Podfile.lock\" \"${PODS_ROOT}/Manifest.lock\" > /dev/null\nif [ $? != 0 ] ; then\n    # print error to STDERR\n    echo \"error: The sandbox is not in sync with the Podfile.lock. Run 'pod install' or update your CocoaPods installation.\" >&2\n    exit 1\nfi\n# This output is used by Xcode 'outputs' to avoid re-running this script phase.\necho \"SUCCESS\" > \"${SCRIPT_OUTPUT_FILE_0}\"\n";
			showEnvVarsInLog = 0;
		};
		EC986405D6D455675F9BC402 /* [CP] Embed Pods Frameworks */ = {
			isa = PBXShellScriptBuildPhase;
			buildActionMask = 2147483647;
			files = (
			);
			inputPaths = (
			);
			name = "[CP] Embed Pods Frameworks";
			outputPaths = (
			);
			runOnlyForDeploymentPostprocessing = 0;
			shellPath = /bin/sh;
			shellScript = "\"${SRCROOT}/Pods/Target Support Files/Pods-Ya_croco/Pods-Ya_croco-frameworks.sh\"\n";
			showEnvVarsInLog = 0;
		};
		EE4261BA1E8DC9B0459ABA49 /* [CP] Copy Pods Resources */ = {
			isa = PBXShellScriptBuildPhase;
			buildActionMask = 2147483647;
			files = (
			);
			inputPaths = (
			);
			name = "[CP] Copy Pods Resources";
			outputPaths = (
			);
			runOnlyForDeploymentPostprocessing = 0;
			shellPath = /bin/sh;
			shellScript = "\"${SRCROOT}/Pods/Target Support Files/Pods-Ya_croco/Pods-Ya_croco-resources.sh\"\n";
			showEnvVarsInLog = 0;
		};
/* End PBXShellScriptBuildPhase section */

/* Begin PBXSourcesBuildPhase section */
		091CA61B1FD567AB00B789BD /* Sources */ = {
			isa = PBXSourcesBuildPhase;
			buildActionMask = 2147483647;
			files = (
				09F7C0101FD8131B00982378 /* Ya_croco.xcdatamodeld in Sources */,
				09ECAE4D1FD7DAD200CA920A /* BaseOperation.m in Sources */,
				09ECAE331FD6B2A500CA920A /* PurchasesViewController.swift in Sources */,
				09ECAE251FD6B29300CA920A /* SearchItemManager.m in Sources */,
				09ECAE261FD6B29300CA920A /* MainViewController.m in Sources */,
				09ECAE3B1FD6D22800CA920A /* ItemCell.m in Sources */,
				09ECAE271FD6B29300CA920A /* SearchViewController.m in Sources */,
				09ECAE281FD6B29300CA920A /* LoadingView.m in Sources */,
				09ECAE291FD6B29300CA920A /* ItemsSearchBar.m in Sources */,
				09ECAE2C1FD6B29300CA920A /* ItemStoreManager.m in Sources */,
				09ECAE2D1FD6B29300CA920A /* LoadingManager.m in Sources */,
				09ECAE2E1FD6B29300CA920A /* NetworkAPI.m in Sources */,
				09ECAE2F1FD6B29300CA920A /* ItemsLoadingOperation.m in Sources */,
				09ECAE401FD6D47300CA920A /* ItemsTableViewDataSource.m in Sources */,
				09ECAE441FD7D43400CA920A /* OperationsManager.m in Sources */,
				09ECAE301FD6B29300CA920A /* AppDelegate.m in Sources */,
				09ECAE311FD6B29300CA920A /* main.m in Sources */,
			);
			runOnlyForDeploymentPostprocessing = 0;
		};
/* End PBXSourcesBuildPhase section */

/* Begin PBXVariantGroup section */
		091CA6281FD567AB00B789BD /* Main.storyboard */ = {
			isa = PBXVariantGroup;
			children = (
				091CA6291FD567AB00B789BD /* Base */,
			);
			name = Main.storyboard;
			sourceTree = "<group>";
		};
		091CA6301FD567AB00B789BD /* LaunchScreen.storyboard */ = {
			isa = PBXVariantGroup;
			children = (
				091CA6311FD567AB00B789BD /* Base */,
			);
			name = LaunchScreen.storyboard;
			sourceTree = "<group>";
		};
/* End PBXVariantGroup section */

/* Begin XCBuildConfiguration section */
		091CA6411FD567AC00B789BD /* Debug */ = {
			isa = XCBuildConfiguration;
			buildSettings = {
				ALWAYS_SEARCH_USER_PATHS = NO;
				CLANG_ANALYZER_NONNULL = YES;
				CLANG_ANALYZER_NUMBER_OBJECT_CONVERSION = YES_AGGRESSIVE;
				CLANG_CXX_LANGUAGE_STANDARD = "gnu++14";
				CLANG_CXX_LIBRARY = "libc++";
				CLANG_ENABLE_MODULES = YES;
				CLANG_ENABLE_OBJC_ARC = YES;
				CLANG_WARN_BLOCK_CAPTURE_AUTORELEASING = YES;
				CLANG_WARN_BOOL_CONVERSION = YES;
				CLANG_WARN_COMMA = YES;
				CLANG_WARN_CONSTANT_CONVERSION = YES;
				CLANG_WARN_DIRECT_OBJC_ISA_USAGE = YES_ERROR;
				CLANG_WARN_DOCUMENTATION_COMMENTS = YES;
				CLANG_WARN_EMPTY_BODY = YES;
				CLANG_WARN_ENUM_CONVERSION = YES;
				CLANG_WARN_INFINITE_RECURSION = YES;
				CLANG_WARN_INT_CONVERSION = YES;
				CLANG_WARN_NON_LITERAL_NULL_CONVERSION = YES;
				CLANG_WARN_OBJC_LITERAL_CONVERSION = YES;
				CLANG_WARN_OBJC_ROOT_CLASS = YES_ERROR;
				CLANG_WARN_RANGE_LOOP_ANALYSIS = YES;
				CLANG_WARN_STRICT_PROTOTYPES = YES;
				CLANG_WARN_SUSPICIOUS_MOVE = YES;
				CLANG_WARN_UNGUARDED_AVAILABILITY = YES_AGGRESSIVE;
				CLANG_WARN_UNREACHABLE_CODE = YES;
				CLANG_WARN__DUPLICATE_METHOD_MATCH = YES;
				CODE_SIGN_IDENTITY = "iPhone Developer";
				COPY_PHASE_STRIP = NO;
				DEBUG_INFORMATION_FORMAT = dwarf;
				ENABLE_STRICT_OBJC_MSGSEND = YES;
				ENABLE_TESTABILITY = YES;
				GCC_C_LANGUAGE_STANDARD = gnu11;
				GCC_DYNAMIC_NO_PIC = NO;
				GCC_NO_COMMON_BLOCKS = YES;
				GCC_OPTIMIZATION_LEVEL = 0;
				GCC_PREPROCESSOR_DEFINITIONS = (
					"DEBUG=1",
					"$(inherited)",
				);
				GCC_WARN_64_TO_32_BIT_CONVERSION = YES;
				GCC_WARN_ABOUT_RETURN_TYPE = YES_ERROR;
				GCC_WARN_UNDECLARED_SELECTOR = YES;
				GCC_WARN_UNINITIALIZED_AUTOS = YES_AGGRESSIVE;
				GCC_WARN_UNUSED_FUNCTION = YES;
				GCC_WARN_UNUSED_VARIABLE = YES;
				IPHONEOS_DEPLOYMENT_TARGET = 11.1;
				MTL_ENABLE_DEBUG_INFO = YES;
				ONLY_ACTIVE_ARCH = YES;
				SDKROOT = iphoneos;
			};
			name = Debug;
		};
		091CA6421FD567AC00B789BD /* Release */ = {
			isa = XCBuildConfiguration;
			buildSettings = {
				ALWAYS_SEARCH_USER_PATHS = NO;
				CLANG_ANALYZER_NONNULL = YES;
				CLANG_ANALYZER_NUMBER_OBJECT_CONVERSION = YES_AGGRESSIVE;
				CLANG_CXX_LANGUAGE_STANDARD = "gnu++14";
				CLANG_CXX_LIBRARY = "libc++";
				CLANG_ENABLE_MODULES = YES;
				CLANG_ENABLE_OBJC_ARC = YES;
				CLANG_WARN_BLOCK_CAPTURE_AUTORELEASING = YES;
				CLANG_WARN_BOOL_CONVERSION = YES;
				CLANG_WARN_COMMA = YES;
				CLANG_WARN_CONSTANT_CONVERSION = YES;
				CLANG_WARN_DIRECT_OBJC_ISA_USAGE = YES_ERROR;
				CLANG_WARN_DOCUMENTATION_COMMENTS = YES;
				CLANG_WARN_EMPTY_BODY = YES;
				CLANG_WARN_ENUM_CONVERSION = YES;
				CLANG_WARN_INFINITE_RECURSION = YES;
				CLANG_WARN_INT_CONVERSION = YES;
				CLANG_WARN_NON_LITERAL_NULL_CONVERSION = YES;
				CLANG_WARN_OBJC_LITERAL_CONVERSION = YES;
				CLANG_WARN_OBJC_ROOT_CLASS = YES_ERROR;
				CLANG_WARN_RANGE_LOOP_ANALYSIS = YES;
				CLANG_WARN_STRICT_PROTOTYPES = YES;
				CLANG_WARN_SUSPICIOUS_MOVE = YES;
				CLANG_WARN_UNGUARDED_AVAILABILITY = YES_AGGRESSIVE;
				CLANG_WARN_UNREACHABLE_CODE = YES;
				CLANG_WARN__DUPLICATE_METHOD_MATCH = YES;
				CODE_SIGN_IDENTITY = "iPhone Developer";
				COPY_PHASE_STRIP = NO;
				DEBUG_INFORMATION_FORMAT = "dwarf-with-dsym";
				ENABLE_NS_ASSERTIONS = NO;
				ENABLE_STRICT_OBJC_MSGSEND = YES;
				GCC_C_LANGUAGE_STANDARD = gnu11;
				GCC_NO_COMMON_BLOCKS = YES;
				GCC_WARN_64_TO_32_BIT_CONVERSION = YES;
				GCC_WARN_ABOUT_RETURN_TYPE = YES_ERROR;
				GCC_WARN_UNDECLARED_SELECTOR = YES;
				GCC_WARN_UNINITIALIZED_AUTOS = YES_AGGRESSIVE;
				GCC_WARN_UNUSED_FUNCTION = YES;
				GCC_WARN_UNUSED_VARIABLE = YES;
				IPHONEOS_DEPLOYMENT_TARGET = 11.1;
				MTL_ENABLE_DEBUG_INFO = NO;
				SDKROOT = iphoneos;
				SWIFT_OPTIMIZATION_LEVEL = "-Owholemodule";
				VALIDATE_PRODUCT = YES;
			};
			name = Release;
		};
		091CA6441FD567AC00B789BD /* Debug */ = {
			isa = XCBuildConfiguration;
			baseConfigurationReference = 48742FBECC6E58DE4C33AB1B /* Pods-Ya_croco.debug.xcconfig */;
			buildSettings = {
				ASSETCATALOG_COMPILER_APPICON_NAME = AppIcon;
				CLANG_ENABLE_MODULES = YES;
				"CODE_SIGN_IDENTITY[sdk=iphoneos*]" = "iPhone Developer";
				CODE_SIGN_STYLE = Automatic;
				DEVELOPMENT_TEAM = BQSXV7Y63D;
				GCC_PREFIX_HEADER = Ya_croco/Prefix.h;
				INFOPLIST_FILE = Ya_croco/Info.plist;
				IPHONEOS_DEPLOYMENT_TARGET = 9.0;
				LD_RUNPATH_SEARCH_PATHS = "$(inherited) @executable_path/Frameworks";
				PRODUCT_BUNDLE_IDENTIFIER = "tm.Ya-croco";
				PRODUCT_NAME = "$(TARGET_NAME)";
				PROVISIONING_PROFILE_SPECIFIER = "";
				SWIFT_OBJC_BRIDGING_HEADER = "Ya_croco/Ya_croco-Bridging-Header.h";
				SWIFT_OPTIMIZATION_LEVEL = "-Onone";
				SWIFT_VERSION = 3.0;
				TARGETED_DEVICE_FAMILY = "1,2";
			};
			name = Debug;
		};
		091CA6451FD567AC00B789BD /* Release */ = {
			isa = XCBuildConfiguration;
			baseConfigurationReference = 67D9C0587C3FE8DE08DB75E6 /* Pods-Ya_croco.release.xcconfig */;
			buildSettings = {
				ASSETCATALOG_COMPILER_APPICON_NAME = AppIcon;
				CLANG_ENABLE_MODULES = YES;
				"CODE_SIGN_IDENTITY[sdk=iphoneos*]" = "iPhone Developer";
				CODE_SIGN_STYLE = Automatic;
				DEVELOPMENT_TEAM = BQSXV7Y63D;
				GCC_PREFIX_HEADER = Ya_croco/Prefix.h;
				INFOPLIST_FILE = Ya_croco/Info.plist;
				IPHONEOS_DEPLOYMENT_TARGET = 9.0;
				LD_RUNPATH_SEARCH_PATHS = "$(inherited) @executable_path/Frameworks";
				PRODUCT_BUNDLE_IDENTIFIER = "tm.Ya-croco";
				PRODUCT_NAME = "$(TARGET_NAME)";
				PROVISIONING_PROFILE_SPECIFIER = "";
				SWIFT_OBJC_BRIDGING_HEADER = "Ya_croco/Ya_croco-Bridging-Header.h";
				SWIFT_VERSION = 3.0;
				TARGETED_DEVICE_FAMILY = "1,2";
			};
			name = Release;
		};
/* End XCBuildConfiguration section */

/* Begin XCConfigurationList section */
		091CA61A1FD567AB00B789BD /* Build configuration list for PBXProject "Ya_croco" */ = {
			isa = XCConfigurationList;
			buildConfigurations = (
				091CA6411FD567AC00B789BD /* Debug */,
				091CA6421FD567AC00B789BD /* Release */,
			);
			defaultConfigurationIsVisible = 0;
			defaultConfigurationName = Release;
		};
		091CA6431FD567AC00B789BD /* Build configuration list for PBXNativeTarget "Ya_croco" */ = {
			isa = XCConfigurationList;
			buildConfigurations = (
				091CA6441FD567AC00B789BD /* Debug */,
				091CA6451FD567AC00B789BD /* Release */,
			);
			defaultConfigurationIsVisible = 0;
			defaultConfigurationName = Release;
		};
/* End XCConfigurationList section */

/* Begin XCVersionGroup section */
		091CA6691FD594FF00B789BD /* Ya_croco.xcdatamodeld */ = {
			isa = XCVersionGroup;
			children = (
				091CA66A1FD594FF00B789BD /* Ya_croco.xcdatamodel */,
			);
			currentVersion = 091CA66A1FD594FF00B789BD /* Ya_croco.xcdatamodel */;
			name = Ya_croco.xcdatamodeld;
			path = Database/Ya_croco.xcdatamodeld;
			sourceTree = "<group>";
			versionGroupType = wrapper.xcdatamodel;
		};
/* End XCVersionGroup section */
	};
	rootObject = 091CA6171FD567AB00B789BD /* Project object */;
}
